
Microsoft Visual Studio Solution File, Format Version 12.00
# Visual Studio Version 17
VisualStudioVersion = 17.11.35222.181
MinimumVisualStudioVersion = 10.0.40219.1
Project("{9A19103F-16F7-4668-BE54-9A1E7A4F7556}") = "Practice2", "Practice2.csproj", "{37EC273C-209E-45D8-B5EF-50837D579E76}"
EndProject
Global
	GlobalSection(SolutionConfigurationPlatforms) = preSolution
		Debug|Any CPU = Debug|Any CPU
		Release|Any CPU = Release|Any CPU
	EndGlobalSection
	GlobalSection(ProjectConfigurationPlatforms) = postSolution
		{37EC273C-209E-45D8-B5EF-50837D579E76}.Debug|Any CPU.ActiveCfg = Debug|Any CPU
		{37EC273C-209E-45D8-B5EF-50837D579E76}.Debug|Any CPU.Build.0 = Debug|Any CPU
		{37EC273C-209E-45D8-B5EF-50837D579E76}.Release|Any CPU.ActiveCfg = Release|Any CPU
		{37EC273C-209E-45D8-B5EF-50837D579E76}.Release|Any CPU.Build.0 = Release|Any CPU
	EndGlobalSection
	GlobalSection(SolutionProperties) = preSolution
		HideSolutionNode = FALSE
	EndGlobalSection
	GlobalSection(ExtensibilityGlobals) = postSolution
		SolutionGuid = {61185CC8-9F68-4CBB-B8A5-EDC6A2C6013E}
	EndGlobalSection
EndGlobal
